
Microsoft Visual Studio Solution File, Format Version 12.00
# Visual Studio Version 16
VisualStudioVersion = 16.0.31005.135
MinimumVisualStudioVersion = 10.0.40219.1
Project("{FAE04EC0-301F-11D3-BF4B-00C04F79EFBC}") = "WeeNote", "WeeNote.csproj", "{A03EEBA7-6758-4DDF-9622-73442720AE8A}"
EndProject
Global
	GlobalSection(SolutionConfigurationPlatforms) = preSolution
		Debug|Any CPU = Debug|Any CPU
		Release|Any CPU = Release|Any CPU
	EndGlobalSection
	GlobalSection(ProjectConfigurationPlatforms) = postSolution
		{A03EEBA7-6758-4DDF-9622-73442720AE8A}.Debug|Any CPU.ActiveCfg = Debug|Any CPU
		{A03EEBA7-6758-4DDF-9622-73442720AE8A}.Debug|Any CPU.Build.0 = Debug|Any CPU
		{A03EEBA7-6758-4DDF-9622-73442720AE8A}.Release|Any CPU.ActiveCfg = Release|Any CPU
		{A03EEBA7-6758-4DDF-9622-73442720AE8A}.Release|Any CPU.Build.0 = Release|Any CPU
	EndGlobalSection
	GlobalSection(SolutionProperties) = preSolution
		HideSolutionNode = FALSE
	EndGlobalSection
	GlobalSection(ExtensibilityGlobals) = postSolution
		SolutionGuid = {280C49A6-A7C6-4852-AE17-38DC01391EA7}
	EndGlobalSection
EndGlobal
